
Microsoft Visual Studio Solution File, Format Version 12.00
# Visual Studio Version 17
VisualStudioVersion = 17.7.34031.279
MinimumVisualStudioVersion = 10.0.40219.1
Project("{2150E333-8FDC-42A3-9474-1A3956D46DE8}") = "Tests", "Tests", "{BDD6E556-D6B9-4192-86B6-D213B42652DC}"
EndProject
Project("{2150E333-8FDC-42A3-9474-1A3956D46DE8}") = "Libs", "Libs", "{9C9898D2-4782-4D9A-9A6E-F1C7A0810030}"
EndProject
Project("{8BC9CEB8-8B4A-11D0-8D11-00A0C91BC942}") = "LEXER_TEST", "LEXER_TEST\LEXER_TEST.vcxproj", "{60AD564B-11AB-45EF-B79F-F8CD3BD4B77C}"
EndProject
Project("{8BC9CEB8-8B4A-11D0-8D11-00A0C91BC942}") = "GUI", "GUI\GUI.vcxproj", "{0A6B76FE-1ACA-45E8-90DD-A6E815CB324D}"
EndProject
Project("{8BC9CEB8-8B4A-11D0-8D11-00A0C91BC942}") = "SYNTAX", "SYNTAX\SYNTAX.vcxproj", "{E0147B0A-0D9D-4E87-8405-374285C831E4}"
EndProject
Project("{8BC9CEB8-8B4A-11D0-8D11-00A0C91BC942}") = "Core", "Core\Core.vcxproj", "{B170809F-9A85-45E0-966A-C1F4FBFDEB8D}"
EndProject
Project("{2150E333-8FDC-42A3-9474-1A3956D46DE8}") = "Элементы решения", "Элементы решения", "{2587F21D-6BBA-4FFA-AAA2-3FFC7B7CFC5F}"
EndProject
Project("{8BC9CEB8-8B4A-11D0-8D11-00A0C91BC942}") = "Syntax_Test", "Syntax_Test\Syntax_Test.vcxproj", "{37A41C25-30BD-4A6D-9407-C9B0FC5212AD}"
EndProject
Global
	GlobalSection(SolutionConfigurationPlatforms) = preSolution
		Debug|x64 = Debug|x64
		Debug|x86 = Debug|x86
		Release|x64 = Release|x64
		Release|x86 = Release|x86
	EndGlobalSection
	GlobalSection(ProjectConfigurationPlatforms) = postSolution
		{60AD564B-11AB-45EF-B79F-F8CD3BD4B77C}.Debug|x64.ActiveCfg = Debug|x64
		{60AD564B-11AB-45EF-B79F-F8CD3BD4B77C}.Debug|x64.Build.0 = Debug|x64
		{60AD564B-11AB-45EF-B79F-F8CD3BD4B77C}.Debug|x86.ActiveCfg = Debug|Win32
		{60AD564B-11AB-45EF-B79F-F8CD3BD4B77C}.Debug|x86.Build.0 = Debug|Win32
		{60AD564B-11AB-45EF-B79F-F8CD3BD4B77C}.Release|x64.ActiveCfg = Release|x64
		{60AD564B-11AB-45EF-B79F-F8CD3BD4B77C}.Release|x64.Build.0 = Release|x64
		{60AD564B-11AB-45EF-B79F-F8CD3BD4B77C}.Release|x86.ActiveCfg = Release|Win32
		{60AD564B-11AB-45EF-B79F-F8CD3BD4B77C}.Release|x86.Build.0 = Release|Win32
		{0A6B76FE-1ACA-45E8-90DD-A6E815CB324D}.Debug|x64.ActiveCfg = Debug|x64
		{0A6B76FE-1ACA-45E8-90DD-A6E815CB324D}.Debug|x64.Build.0 = Debug|x64
		{0A6B76FE-1ACA-45E8-90DD-A6E815CB324D}.Debug|x86.ActiveCfg = Debug|Win32
		{0A6B76FE-1ACA-45E8-90DD-A6E815CB324D}.Debug|x86.Build.0 = Debug|Win32
		{0A6B76FE-1ACA-45E8-90DD-A6E815CB324D}.Release|x64.ActiveCfg = Release|x64
		{0A6B76FE-1ACA-45E8-90DD-A6E815CB324D}.Release|x64.Build.0 = Release|x64
		{0A6B76FE-1ACA-45E8-90DD-A6E815CB324D}.Release|x86.ActiveCfg = Release|Win32
		{0A6B76FE-1ACA-45E8-90DD-A6E815CB324D}.Release|x86.Build.0 = Release|Win32
		{E0147B0A-0D9D-4E87-8405-374285C831E4}.Debug|x64.ActiveCfg = Debug|x64
		{E0147B0A-0D9D-4E87-8405-374285C831E4}.Debug|x64.Build.0 = Debug|x64
		{E0147B0A-0D9D-4E87-8405-374285C831E4}.Debug|x86.ActiveCfg = Debug|Win32
		{E0147B0A-0D9D-4E87-8405-374285C831E4}.Debug|x86.Build.0 = Debug|Win32
		{E0147B0A-0D9D-4E87-8405-374285C831E4}.Release|x64.ActiveCfg = Release|x64
		{E0147B0A-0D9D-4E87-8405-374285C831E4}.Release|x64.Build.0 = Release|x64
		{E0147B0A-0D9D-4E87-8405-374285C831E4}.Release|x86.ActiveCfg = Release|Win32
		{E0147B0A-0D9D-4E87-8405-374285C831E4}.Release|x86.Build.0 = Release|Win32
		{B170809F-9A85-45E0-966A-C1F4FBFDEB8D}.Debug|x64.ActiveCfg = Debug|x64
		{B170809F-9A85-45E0-966A-C1F4FBFDEB8D}.Debug|x64.Build.0 = Debug|x64
		{B170809F-9A85-45E0-966A-C1F4FBFDEB8D}.Debug|x86.ActiveCfg = Debug|Win32
		{B170809F-9A85-45E0-966A-C1F4FBFDEB8D}.Debug|x86.Build.0 = Debug|Win32
		{B170809F-9A85-45E0-966A-C1F4FBFDEB8D}.Release|x64.ActiveCfg = Release|x64
		{B170809F-9A85-45E0-966A-C1F4FBFDEB8D}.Release|x64.Build.0 = Release|x64
		{B170809F-9A85-45E0-966A-C1F4FBFDEB8D}.Release|x86.ActiveCfg = Release|Win32
		{B170809F-9A85-45E0-966A-C1F4FBFDEB8D}.Release|x86.Build.0 = Release|Win32
		{37A41C25-30BD-4A6D-9407-C9B0FC5212AD}.Debug|x64.ActiveCfg = Debug|x64
		{37A41C25-30BD-4A6D-9407-C9B0FC5212AD}.Debug|x64.Build.0 = Debug|x64
		{37A41C25-30BD-4A6D-9407-C9B0FC5212AD}.Debug|x86.ActiveCfg = Debug|Win32
		{37A41C25-30BD-4A6D-9407-C9B0FC5212AD}.Debug|x86.Build.0 = Debug|Win32
		{37A41C25-30BD-4A6D-9407-C9B0FC5212AD}.Release|x64.ActiveCfg = Release|x64
		{37A41C25-30BD-4A6D-9407-C9B0FC5212AD}.Release|x64.Build.0 = Release|x64
		{37A41C25-30BD-4A6D-9407-C9B0FC5212AD}.Release|x86.ActiveCfg = Release|Win32
		{37A41C25-30BD-4A6D-9407-C9B0FC5212AD}.Release|x86.Build.0 = Release|Win32
	EndGlobalSection
	GlobalSection(SolutionProperties) = preSolution
		HideSolutionNode = FALSE
	EndGlobalSection
	GlobalSection(NestedProjects) = preSolution
		{60AD564B-11AB-45EF-B79F-F8CD3BD4B77C} = {BDD6E556-D6B9-4192-86B6-D213B42652DC}
		{E0147B0A-0D9D-4E87-8405-374285C831E4} = {9C9898D2-4782-4D9A-9A6E-F1C7A0810030}
		{B170809F-9A85-45E0-966A-C1F4FBFDEB8D} = {9C9898D2-4782-4D9A-9A6E-F1C7A0810030}
		{37A41C25-30BD-4A6D-9407-C9B0FC5212AD} = {BDD6E556-D6B9-4192-86B6-D213B42652DC}
	EndGlobalSection
	GlobalSection(ExtensibilityGlobals) = postSolution
		SolutionGuid = {0E9389F0-5FC7-47E4-9933-858606C5C40E}
	EndGlobalSection
EndGlobal
